
Microsoft Visual Studio Solution File, Format Version 12.00
# Visual Studio Version 16
VisualStudioVersion = 16.0.30114.105
MinimumVisualStudioVersion = 10.0.40219.1
Project("{FAE04EC0-301F-11D3-BF4B-00C04F79EFBC}") = "DevChallenge.Data", "DevChallenge.Data\DevChallenge.Data.csproj", "{ADEBCB8E-C1B4-4FFD-9C54-1838ACCBB8A1}"
EndProject
Project("{FAE04EC0-301F-11D3-BF4B-00C04F79EFBC}") = "DevChallenge.Service", "DevChallenge.Service\DevChallenge.Service.csproj", "{600B7180-1388-4A70-8FD6-7D60D2318F47}"
EndProject
Project("{FAE04EC0-301F-11D3-BF4B-00C04F79EFBC}") = "DevChallenge.API", "DevChallenge.API\DevChallenge.API.csproj", "{08B282FB-58A9-4272-8E99-13CB31846729}"
EndProject
Global
	GlobalSection(SolutionConfigurationPlatforms) = preSolution
		Debug|Any CPU = Debug|Any CPU
		Debug|x64 = Debug|x64
		Debug|x86 = Debug|x86
		Release|Any CPU = Release|Any CPU
		Release|x64 = Release|x64
		Release|x86 = Release|x86
	EndGlobalSection
	GlobalSection(SolutionProperties) = preSolution
		HideSolutionNode = FALSE
	EndGlobalSection
	GlobalSection(ProjectConfigurationPlatforms) = postSolution
		{ADEBCB8E-C1B4-4FFD-9C54-1838ACCBB8A1}.Debug|Any CPU.ActiveCfg = Debug|Any CPU
		{ADEBCB8E-C1B4-4FFD-9C54-1838ACCBB8A1}.Debug|Any CPU.Build.0 = Debug|Any CPU
		{ADEBCB8E-C1B4-4FFD-9C54-1838ACCBB8A1}.Debug|x64.ActiveCfg = Debug|Any CPU
		{ADEBCB8E-C1B4-4FFD-9C54-1838ACCBB8A1}.Debug|x64.Build.0 = Debug|Any CPU
		{ADEBCB8E-C1B4-4FFD-9C54-1838ACCBB8A1}.Debug|x86.ActiveCfg = Debug|Any CPU
		{ADEBCB8E-C1B4-4FFD-9C54-1838ACCBB8A1}.Debug|x86.Build.0 = Debug|Any CPU
		{ADEBCB8E-C1B4-4FFD-9C54-1838ACCBB8A1}.Release|Any CPU.ActiveCfg = Release|Any CPU
		{ADEBCB8E-C1B4-4FFD-9C54-1838ACCBB8A1}.Release|Any CPU.Build.0 = Release|Any CPU
		{ADEBCB8E-C1B4-4FFD-9C54-1838ACCBB8A1}.Release|x64.ActiveCfg = Release|Any CPU
		{ADEBCB8E-C1B4-4FFD-9C54-1838ACCBB8A1}.Release|x64.Build.0 = Release|Any CPU
		{ADEBCB8E-C1B4-4FFD-9C54-1838ACCBB8A1}.Release|x86.ActiveCfg = Release|Any CPU
		{ADEBCB8E-C1B4-4FFD-9C54-1838ACCBB8A1}.Release|x86.Build.0 = Release|Any CPU
		{600B7180-1388-4A70-8FD6-7D60D2318F47}.Debug|Any CPU.ActiveCfg = Debug|Any CPU
		{600B7180-1388-4A70-8FD6-7D60D2318F47}.Debug|Any CPU.Build.0 = Debug|Any CPU
		{600B7180-1388-4A70-8FD6-7D60D2318F47}.Debug|x64.ActiveCfg = Debug|Any CPU
		{600B7180-1388-4A70-8FD6-7D60D2318F47}.Debug|x64.Build.0 = Debug|Any CPU
		{600B7180-1388-4A70-8FD6-7D60D2318F47}.Debug|x86.ActiveCfg = Debug|Any CPU
		{600B7180-1388-4A70-8FD6-7D60D2318F47}.Debug|x86.Build.0 = Debug|Any CPU
		{600B7180-1388-4A70-8FD6-7D60D2318F47}.Release|Any CPU.ActiveCfg = Release|Any CPU
		{600B7180-1388-4A70-8FD6-7D60D2318F47}.Release|Any CPU.Build.0 = Release|Any CPU
		{600B7180-1388-4A70-8FD6-7D60D2318F47}.Release|x64.ActiveCfg = Release|Any CPU
		{600B7180-1388-4A70-8FD6-7D60D2318F47}.Release|x64.Build.0 = Release|Any CPU
		{600B7180-1388-4A70-8FD6-7D60D2318F47}.Release|x86.ActiveCfg = Release|Any CPU
		{600B7180-1388-4A70-8FD6-7D60D2318F47}.Release|x86.Build.0 = Release|Any CPU
		{08B282FB-58A9-4272-8E99-13CB31846729}.Debug|Any CPU.ActiveCfg = Debug|Any CPU
		{08B282FB-58A9-4272-8E99-13CB31846729}.Debug|Any CPU.Build.0 = Debug|Any CPU
		{08B282FB-58A9-4272-8E99-13CB31846729}.Debug|x64.ActiveCfg = Debug|Any CPU
		{08B282FB-58A9-4272-8E99-13CB31846729}.Debug|x64.Build.0 = Debug|Any CPU
		{08B282FB-58A9-4272-8E99-13CB31846729}.Debug|x86.ActiveCfg = Debug|Any CPU
		{08B282FB-58A9-4272-8E99-13CB31846729}.Debug|x86.Build.0 = Debug|Any CPU
		{08B282FB-58A9-4272-8E99-13CB31846729}.Release|Any CPU.ActiveCfg = Release|Any CPU
		{08B282FB-58A9-4272-8E99-13CB31846729}.Release|Any CPU.Build.0 = Release|Any CPU
		{08B282FB-58A9-4272-8E99-13CB31846729}.Release|x64.ActiveCfg = Release|Any CPU
		{08B282FB-58A9-4272-8E99-13CB31846729}.Release|x64.Build.0 = Release|Any CPU
		{08B282FB-58A9-4272-8E99-13CB31846729}.Release|x86.ActiveCfg = Release|Any CPU
		{08B282FB-58A9-4272-8E99-13CB31846729}.Release|x86.Build.0 = Release|Any CPU
	EndGlobalSection
EndGlobal
